
Microsoft Visual Studio Solution File, Format Version 12.00
# Visual Studio 2013
VisualStudioVersion = 12.0.21005.1
MinimumVisualStudioVersion = 10.0.40219.1
Project("{FAE04EC0-301F-11D3-BF4B-00C04F79EFBC}") = "MVCFrame", "MVCFrame\MVCFrame.csproj", "{F4885903-4771-4958-ABF7-9626737D95C0}"
EndProject
Project("{FAE04EC0-301F-11D3-BF4B-00C04F79EFBC}") = "MVC.Model", "MVC.Model\MVC.Model.csproj", "{EA932513-5584-4A6D-A7F5-07A91D295552}"
EndProject
Project("{FAE04EC0-301F-11D3-BF4B-00C04F79EFBC}") = "MVC.DAL", "MVC.DAL\MVC.DAL.csproj", "{A56C86DA-3B1C-43B5-A851-A798AD276035}"
EndProject
Project("{FAE04EC0-301F-11D3-BF4B-00C04F79EFBC}") = "MVC.Dapper", "MVC.Dapper\MVC.Dapper.csproj", "{ADF046FC-0AD8-4819-A5B5-2A2E20FB5B24}"
EndProject
Project("{FAE04EC0-301F-11D3-BF4B-00C04F79EFBC}") = "MVC.Common", "MVC.Common\MVC.Common.csproj", "{D73686E6-98E1-4ECD-BB57-633F73224D2E}"
EndProject
Global
	GlobalSection(SolutionConfigurationPlatforms) = preSolution
		Debug|Any CPU = Debug|Any CPU
		Release|Any CPU = Release|Any CPU
	EndGlobalSection
	GlobalSection(ProjectConfigurationPlatforms) = postSolution
		{F4885903-4771-4958-ABF7-9626737D95C0}.Debug|Any CPU.ActiveCfg = Debug|Any CPU
		{F4885903-4771-4958-ABF7-9626737D95C0}.Debug|Any CPU.Build.0 = Debug|Any CPU
		{F4885903-4771-4958-ABF7-9626737D95C0}.Release|Any CPU.ActiveCfg = Release|Any CPU
		{F4885903-4771-4958-ABF7-9626737D95C0}.Release|Any CPU.Build.0 = Release|Any CPU
		{EA932513-5584-4A6D-A7F5-07A91D295552}.Debug|Any CPU.ActiveCfg = Debug|Any CPU
		{EA932513-5584-4A6D-A7F5-07A91D295552}.Debug|Any CPU.Build.0 = Debug|Any CPU
		{EA932513-5584-4A6D-A7F5-07A91D295552}.Release|Any CPU.ActiveCfg = Release|Any CPU
		{EA932513-5584-4A6D-A7F5-07A91D295552}.Release|Any CPU.Build.0 = Release|Any CPU
		{A56C86DA-3B1C-43B5-A851-A798AD276035}.Debug|Any CPU.ActiveCfg = Debug|Any CPU
		{A56C86DA-3B1C-43B5-A851-A798AD276035}.Debug|Any CPU.Build.0 = Debug|Any CPU
		{A56C86DA-3B1C-43B5-A851-A798AD276035}.Release|Any CPU.ActiveCfg = Release|Any CPU
		{A56C86DA-3B1C-43B5-A851-A798AD276035}.Release|Any CPU.Build.0 = Release|Any CPU
		{ADF046FC-0AD8-4819-A5B5-2A2E20FB5B24}.Debug|Any CPU.ActiveCfg = Debug|Any CPU
		{ADF046FC-0AD8-4819-A5B5-2A2E20FB5B24}.Debug|Any CPU.Build.0 = Debug|Any CPU
		{ADF046FC-0AD8-4819-A5B5-2A2E20FB5B24}.Release|Any CPU.ActiveCfg = Release|Any CPU
		{ADF046FC-0AD8-4819-A5B5-2A2E20FB5B24}.Release|Any CPU.Build.0 = Release|Any CPU
		{D73686E6-98E1-4ECD-BB57-633F73224D2E}.Debug|Any CPU.ActiveCfg = Debug|Any CPU
		{D73686E6-98E1-4ECD-BB57-633F73224D2E}.Debug|Any CPU.Build.0 = Debug|Any CPU
		{D73686E6-98E1-4ECD-BB57-633F73224D2E}.Release|Any CPU.ActiveCfg = Release|Any CPU
		{D73686E6-98E1-4ECD-BB57-633F73224D2E}.Release|Any CPU.Build.0 = Release|Any CPU
	EndGlobalSection
	GlobalSection(SolutionProperties) = preSolution
		HideSolutionNode = FALSE
	EndGlobalSection
EndGlobal
